
Microsoft Visual Studio Solution File, Format Version 12.00
# Visual Studio Version 17
VisualStudioVersion = 17.6.33723.286
MinimumVisualStudioVersion = 10.0.40219.1
Project("{FAE04EC0-301F-11D3-BF4B-00C04F79EFBC}") = "Konwersja_bin-dec", "Konwersja_bin-dec.csproj", "{011F9BDD-4916-431E-9122-0B8F1BE45EB3}"
EndProject
Global
	GlobalSection(SolutionConfigurationPlatforms) = preSolution
		Debug|Any CPU = Debug|Any CPU
		Release|Any CPU = Release|Any CPU
	EndGlobalSection
	GlobalSection(ProjectConfigurationPlatforms) = postSolution
		{011F9BDD-4916-431E-9122-0B8F1BE45EB3}.Debug|Any CPU.ActiveCfg = Debug|Any CPU
		{011F9BDD-4916-431E-9122-0B8F1BE45EB3}.Debug|Any CPU.Build.0 = Debug|Any CPU
		{011F9BDD-4916-431E-9122-0B8F1BE45EB3}.Release|Any CPU.ActiveCfg = Release|Any CPU
		{011F9BDD-4916-431E-9122-0B8F1BE45EB3}.Release|Any CPU.Build.0 = Release|Any CPU
	EndGlobalSection
	GlobalSection(SolutionProperties) = preSolution
		HideSolutionNode = FALSE
	EndGlobalSection
	GlobalSection(ExtensibilityGlobals) = postSolution
		SolutionGuid = {E336167B-C77C-47D2-AE4B-30483E06E5DD}
	EndGlobalSection
EndGlobal
