
Microsoft Visual Studio Solution File, Format Version 12.00
# Visual Studio Version 17
VisualStudioVersion = 17.6.33723.286
MinimumVisualStudioVersion = 10.0.40219.1
Project("{FAE04EC0-301F-11D3-BF4B-00C04F79EFBC}") = "Compozyt_3", "Compozyt_3.csproj", "{5F4ECB0F-25E5-4D50-843D-CB9DFAC5E4CF}"
EndProject
Global
	GlobalSection(SolutionConfigurationPlatforms) = preSolution
		Debug|Any CPU = Debug|Any CPU
		Release|Any CPU = Release|Any CPU
	EndGlobalSection
	GlobalSection(ProjectConfigurationPlatforms) = postSolution
		{5F4ECB0F-25E5-4D50-843D-CB9DFAC5E4CF}.Debug|Any CPU.ActiveCfg = Debug|Any CPU
		{5F4ECB0F-25E5-4D50-843D-CB9DFAC5E4CF}.Debug|Any CPU.Build.0 = Debug|Any CPU
		{5F4ECB0F-25E5-4D50-843D-CB9DFAC5E4CF}.Release|Any CPU.ActiveCfg = Release|Any CPU
		{5F4ECB0F-25E5-4D50-843D-CB9DFAC5E4CF}.Release|Any CPU.Build.0 = Release|Any CPU
	EndGlobalSection
	GlobalSection(SolutionProperties) = preSolution
		HideSolutionNode = FALSE
	EndGlobalSection
	GlobalSection(ExtensibilityGlobals) = postSolution
		SolutionGuid = {8CD3CBCA-75DD-419E-A570-AD5592961947}
	EndGlobalSection
EndGlobal
