
Microsoft Visual Studio Solution File, Format Version 12.00
# Visual Studio Version 17
VisualStudioVersion = 17.6.33723.286
MinimumVisualStudioVersion = 10.0.40219.1
Project("{FAE04EC0-301F-11D3-BF4B-00C04F79EFBC}") = "Matura_binarne_1", "Matura_binarne_1.csproj", "{B278BB59-32B9-416C-8AAD-14334BC06B4A}"
EndProject
Global
	GlobalSection(SolutionConfigurationPlatforms) = preSolution
		Debug|Any CPU = Debug|Any CPU
		Release|Any CPU = Release|Any CPU
	EndGlobalSection
	GlobalSection(ProjectConfigurationPlatforms) = postSolution
		{B278BB59-32B9-416C-8AAD-14334BC06B4A}.Debug|Any CPU.ActiveCfg = Debug|Any CPU
		{B278BB59-32B9-416C-8AAD-14334BC06B4A}.Debug|Any CPU.Build.0 = Debug|Any CPU
		{B278BB59-32B9-416C-8AAD-14334BC06B4A}.Release|Any CPU.ActiveCfg = Release|Any CPU
		{B278BB59-32B9-416C-8AAD-14334BC06B4A}.Release|Any CPU.Build.0 = Release|Any CPU
	EndGlobalSection
	GlobalSection(SolutionProperties) = preSolution
		HideSolutionNode = FALSE
	EndGlobalSection
	GlobalSection(ExtensibilityGlobals) = postSolution
		SolutionGuid = {A507FA6E-BBDC-4750-87F5-09B795D90BB1}
	EndGlobalSection
EndGlobal
