
Microsoft Visual Studio Solution File, Format Version 12.00
# Visual Studio Version 17
VisualStudioVersion = 17.6.33723.286
MinimumVisualStudioVersion = 10.0.40219.1
Project("{FAE04EC0-301F-11D3-BF4B-00C04F79EFBC}") = "Fasada_2", "Fasada_2.csproj", "{06E478D7-F627-45E0-8ECD-B28104573058}"
EndProject
Global
	GlobalSection(SolutionConfigurationPlatforms) = preSolution
		Debug|Any CPU = Debug|Any CPU
		Release|Any CPU = Release|Any CPU
	EndGlobalSection
	GlobalSection(ProjectConfigurationPlatforms) = postSolution
		{06E478D7-F627-45E0-8ECD-B28104573058}.Debug|Any CPU.ActiveCfg = Debug|Any CPU
		{06E478D7-F627-45E0-8ECD-B28104573058}.Debug|Any CPU.Build.0 = Debug|Any CPU
		{06E478D7-F627-45E0-8ECD-B28104573058}.Release|Any CPU.ActiveCfg = Release|Any CPU
		{06E478D7-F627-45E0-8ECD-B28104573058}.Release|Any CPU.Build.0 = Release|Any CPU
	EndGlobalSection
	GlobalSection(SolutionProperties) = preSolution
		HideSolutionNode = FALSE
	EndGlobalSection
	GlobalSection(ExtensibilityGlobals) = postSolution
		SolutionGuid = {C2EF1275-28DD-4EA8-AF18-BD1E0DA8C8F9}
	EndGlobalSection
EndGlobal
